
Microsoft Visual Studio Solution File, Format Version 12.00
# Visual Studio Version 17
VisualStudioVersion = 17.7.34221.43
MinimumVisualStudioVersion = 10.0.40219.1
Project("{9A19103F-16F7-4668-BE54-9A1E7A4F7556}") = "App", "App.csproj", "{7AD6F6DA-0099-419E-AF8B-CEB4FB6ABA42}"
EndProject
Global
	GlobalSection(SolutionConfigurationPlatforms) = preSolution
		Debug|Any CPU = Debug|Any CPU
		Release|Any CPU = Release|Any CPU
	EndGlobalSection
	GlobalSection(ProjectConfigurationPlatforms) = postSolution
		{7AD6F6DA-0099-419E-AF8B-CEB4FB6ABA42}.Debug|Any CPU.ActiveCfg = Debug|Any CPU
		{7AD6F6DA-0099-419E-AF8B-CEB4FB6ABA42}.Debug|Any CPU.Build.0 = Debug|Any CPU
		{7AD6F6DA-0099-419E-AF8B-CEB4FB6ABA42}.Release|Any CPU.ActiveCfg = Release|Any CPU
		{7AD6F6DA-0099-419E-AF8B-CEB4FB6ABA42}.Release|Any CPU.Build.0 = Release|Any CPU
	EndGlobalSection
	GlobalSection(SolutionProperties) = preSolution
		HideSolutionNode = FALSE
	EndGlobalSection
	GlobalSection(ExtensibilityGlobals) = postSolution
		SolutionGuid = {B5B53C85-F3B4-4DF3-BDDE-716F3CC0CF69}
	EndGlobalSection
EndGlobal
